
Microsoft Visual Studio Solution File, Format Version 12.00
# Visual Studio Version 17
VisualStudioVersion = 17.14.36414.22
MinimumVisualStudioVersion = 10.0.40219.1
Project("{FAE04EC0-301F-11D3-BF4B-00C04F79EFBC}") = "Presentation", "src\Presentation\Presentation.csproj", "{D256A7CB-F8E5-4B46-8F1F-8E4E306F29B3}"
EndProject
Project("{FAE04EC0-301F-11D3-BF4B-00C04F79EFBC}") = "Presentation.Styles", "src\Presentation.Styles\Presentation.Styles.csproj", "{1BAD6909-9C22-43BF-A2E0-624C44FBC3BC}"
	ProjectSection(ProjectDependencies) = postProject
		{D256A7CB-F8E5-4B46-8F1F-8E4E306F29B3} = {D256A7CB-F8E5-4B46-8F1F-8E4E306F29B3}
	EndProjectSection
EndProject
Project("{FAE04EC0-301F-11D3-BF4B-00C04F79EFBC}") = "Docs", "src\Docs\Docs.csproj", "{38016D65-8D9E-4D89-A77D-E0243DA3BFC9}"
	ProjectSection(ProjectDependencies) = postProject
		{1BAD6909-9C22-43BF-A2E0-624C44FBC3BC} = {1BAD6909-9C22-43BF-A2E0-624C44FBC3BC}
		{D256A7CB-F8E5-4B46-8F1F-8E4E306F29B3} = {D256A7CB-F8E5-4B46-8F1F-8E4E306F29B3}
	EndProjectSection
EndProject
Project("{FAE04EC0-301F-11D3-BF4B-00C04F79EFBC}") = "TestApp", "src\TestApp\TestApp.csproj", "{A1B2C3D4-E5F6-7890-ABCD-EF1234567890}"
	ProjectSection(ProjectDependencies) = postProject
		{1BAD6909-9C22-43BF-A2E0-624C44FBC3BC} = {1BAD6909-9C22-43BF-A2E0-624C44FBC3BC}
		{D256A7CB-F8E5-4B46-8F1F-8E4E306F29B3} = {D256A7CB-F8E5-4B46-8F1F-8E4E306F29B3}
	EndProjectSection
EndProject
Global
	GlobalSection(SolutionConfigurationPlatforms) = preSolution
		Debug|Any CPU = Debug|Any CPU
		Release|Any CPU = Release|Any CPU
	EndGlobalSection
	GlobalSection(ProjectConfigurationPlatforms) = postSolution
		{D256A7CB-F8E5-4B46-8F1F-8E4E306F29B3}.Debug|Any CPU.ActiveCfg = Debug|Any CPU
		{D256A7CB-F8E5-4B46-8F1F-8E4E306F29B3}.Debug|Any CPU.Build.0 = Debug|Any CPU
		{D256A7CB-F8E5-4B46-8F1F-8E4E306F29B3}.Release|Any CPU.ActiveCfg = Release|Any CPU
		{D256A7CB-F8E5-4B46-8F1F-8E4E306F29B3}.Release|Any CPU.Build.0 = Release|Any CPU
		{1BAD6909-9C22-43BF-A2E0-624C44FBC3BC}.Debug|Any CPU.ActiveCfg = Debug|Any CPU
		{1BAD6909-9C22-43BF-A2E0-624C44FBC3BC}.Debug|Any CPU.Build.0 = Debug|Any CPU
		{1BAD6909-9C22-43BF-A2E0-624C44FBC3BC}.Release|Any CPU.ActiveCfg = Release|Any CPU
		{1BAD6909-9C22-43BF-A2E0-624C44FBC3BC}.Release|Any CPU.Build.0 = Release|Any CPU
		{38016D65-8D9E-4D89-A77D-E0243DA3BFC9}.Debug|Any CPU.ActiveCfg = Debug|Any CPU
		{38016D65-8D9E-4D89-A77D-E0243DA3BFC9}.Debug|Any CPU.Build.0 = Debug|Any CPU
		{38016D65-8D9E-4D89-A77D-E0243DA3BFC9}.Release|Any CPU.ActiveCfg = Release|Any CPU
		{38016D65-8D9E-4D89-A77D-E0243DA3BFC9}.Release|Any CPU.Build.0 = Release|Any CPU
		{A1B2C3D4-E5F6-7890-ABCD-EF1234567890}.Debug|Any CPU.ActiveCfg = Debug|Any CPU
		{A1B2C3D4-E5F6-7890-ABCD-EF1234567890}.Debug|Any CPU.Build.0 = Debug|Any CPU
		{A1B2C3D4-E5F6-7890-ABCD-EF1234567890}.Release|Any CPU.ActiveCfg = Release|Any CPU
		{A1B2C3D4-E5F6-7890-ABCD-EF1234567890}.Release|Any CPU.Build.0 = Release|Any CPU
	EndGlobalSection
	GlobalSection(SolutionProperties) = preSolution
		HideSolutionNode = FALSE
	EndGlobalSection
	GlobalSection(ExtensibilityGlobals) = postSolution
		SolutionGuid = {194AA4BF-6B19-4C97-9C9C-ABE0FE65F645}
	EndGlobalSection
EndGlobal
